// !$*UTF8*$!
{
	archiveVersion = 1;
	classes = {
	};
	objectVersion = 56;
	objects = {

/* Begin PBXBuildFile section */
		D749426D2A59D33400D2EEC2 /* AppDelegate.swift in Sources */ = {isa = PBXBuildFile; fileRef = D749426C2A59D33400D2EEC2 /* AppDelegate.swift */; };
		D749426F2A59D33400D2EEC2 /* SceneDelegate.swift in Sources */ = {isa = PBXBuildFile; fileRef = D749426E2A59D33400D2EEC2 /* SceneDelegate.swift */; };
		D74942712A59D33400D2EEC2 /* ViewController.swift in Sources */ = {isa = PBXBuildFile; fileRef = D74942702A59D33400D2EEC2 /* ViewController.swift */; };
		D74942742A59D33400D2EEC2 /* Main.storyboard in Resources */ = {isa = PBXBuildFile; fileRef = D74942722A59D33400D2EEC2 /* Main.storyboard */; };
		D74942762A59D33600D2EEC2 /* Assets.xcassets in Resources */ = {isa = PBXBuildFile; fileRef = D74942752A59D33600D2EEC2 /* Assets.xcassets */; };
		D74942792A59D33600D2EEC2 /* LaunchScreen.storyboard in Resources */ = {isa = PBXBuildFile; fileRef = D74942772A59D33600D2EEC2 /* LaunchScreen.storyboard */; };
		D74942832A59E1D400D2EEC2 /* photoCell.swift in Sources */ = {isa = PBXBuildFile; fileRef = D74942822A59E1D400D2EEC2 /* photoCell.swift */; };
/* End PBXBuildFile section */

/* Begin PBXFileReference section */
		D74942692A59D33400D2EEC2 /* phPickerViewCollectionVw.app */ = {isa = PBXFileReference; explicitFileType = wrapper.application; includeInIndex = 0; path = phPickerViewCollectionVw.app; sourceTree = BUILT_PRODUCTS_DIR; };
		D749426C2A59D33400D2EEC2 /* AppDelegate.swift */ = {isa = PBXFileReference; lastKnownFileType = sourcecode.swift; path = AppDelegate.swift; sourceTree = "<group>"; };
		D749426E2A59D33400D2EEC2 /* SceneDelegate.swift */ = {isa = PBXFileReference; lastKnownFileType = sourcecode.swift; path = SceneDelegate.swift; sourceTree = "<group>"; };
		D74942702A59D33400D2EEC2 /* ViewController.swift */ = {isa = PBXFileReference; lastKnownFileType = sourcecode.swift; path = ViewController.swift; sourceTree = "<group>"; };
		D74942732A59D33400D2EEC2 /* Base */ = {isa = PBXFileReference; lastKnownFileType = file.storyboard; name = Base; path = Base.lproj/Main.storyboard; sourceTree = "<group>"; };
		D74942752A59D33600D2EEC2 /* Assets.xcassets */ = {isa = PBXFileReference; lastKnownFileType = folder.assetcatalog; path = Assets.xcassets; sourceTree = "<group>"; };
		D74942782A59D33600D2EEC2 /* Base */ = {isa = PBXFileReference; lastKnownFileType = file.storyboard; name = Base; path = Base.lproj/LaunchScreen.storyboard; sourceTree = "<group>"; };
		D749427A2A59D33600D2EEC2 /* Info.plist */ = {isa = PBXFileReference; lastKnownFileType = text.plist.xml; path = Info.plist; sourceTree = "<group>"; };
		D74942822A59E1D400D2EEC2 /* photoCell.swift */ = {isa = PBXFileReference; lastKnownFileType = sourcecode.swift; path = photoCell.swift; sourceTree = "<group>"; };
/* End PBXFileReference section */

/* Begin PBXFrameworksBuildPhase section */
		D74942662A59D33400D2EEC2 /* Frameworks */ = {
			isa = PBXFrameworksBuildPhase;
			buildActionMask = 2147483647;
			files = (
			);
			runOnlyForDeploymentPostprocessing = 0;
		};
/* End PBXFrameworksBuildPhase section */

/* Begin PBXGroup section */
		D74942602A59D33400D2EEC2 = {
			isa = PBXGroup;
			children = (
				D749426B2A59D33400D2EEC2 /* phPickerViewCollectionVw */,
				D749426A2A59D33400D2EEC2 /* Products */,
			);
			sourceTree = "<group>";
		};
		D749426A2A59D33400D2EEC2 /* Products */ = {
			isa = PBXGroup;
			children = (
				D74942692A59D33400D2EEC2 /* phPickerViewCollectionVw.app */,
			);
			name = Products;
			sourceTree = "<group>";
		};
		D749426B2A59D33400D2EEC2 /* phPickerViewCollectionVw */ = {
			isa = PBXGroup;
			children = (
				D749426C2A59D33400D2EEC2 /* AppDelegate.swift */,
				D749426E2A59D33400D2EEC2 /* SceneDelegate.swift */,
				D74942702A59D33400D2EEC2 /* ViewController.swift */,
				D74942822A59E1D400D2EEC2 /* photoCell.swift */,
				D74942722A59D33400D2EEC2 /* Main.storyboard */,
				D74942752A59D33600D2EEC2 /* Assets.xcassets */,
				D74942772A59D33600D2EEC2 /* LaunchScreen.storyboard */,
				D749427A2A59D33600D2EEC2 /* Info.plist */,
			);
			path = phPickerViewCollectionVw;
			sourceTree = "<group>";
		};
/* End PBXGroup section */

/* Begin PBXNativeTarget section */
		D74942682A59D33400D2EEC2 /* phPickerViewCollectionVw */ = {
			isa = PBXNativeTarget;
			buildConfigurationList = D749427D2A59D33600D2EEC2 /* Build configuration list for PBXNativeTarget "phPickerViewCollectionVw" */;
			buildPhases = (
				D74942652A59D33400D2EEC2 /* Sources */,
				D74942662A59D33400D2EEC2 /* Frameworks */,
				D74942672A59D33400D2EEC2 /* Resources */,
			);
			buildRules = (
			);
			dependencies = (
			);
			name = phPickerViewCollectionVw;
			productName = phPickerViewCollectionVw;
			productReference = D74942692A59D33400D2EEC2 /* phPickerViewCollectionVw.app */;
			productType = "com.apple.product-type.application";
		};
/* End PBXNativeTarget section */

/* Begin PBXProject section */
		D74942612A59D33400D2EEC2 /* Project object */ = {
			isa = PBXProject;
			attributes = {
				BuildIndependentTargetsInParallel = 1;
				LastSwiftUpdateCheck = 1420;
				LastUpgradeCheck = 1420;
				TargetAttributes = {
					D74942682A59D33400D2EEC2 = {
						CreatedOnToolsVersion = 14.2;
					};
				};
			};
			buildConfigurationList = D74942642A59D33400D2EEC2 /* Build configuration list for PBXProject "phPickerViewCollectionVw" */;
			compatibilityVersion = "Xcode 14.0";
			developmentRegion = en;
			hasScannedForEncodings = 0;
			knownRegions = (
				en,
				Base,
			);
			mainGroup = D74942602A59D33400D2EEC2;
			productRefGroup = D749426A2A59D33400D2EEC2 /* Products */;
			projectDirPath = "";
			projectRoot = "";
			targets = (
				D74942682A59D33400D2EEC2 /* phPickerViewCollectionVw */,
			);
		};
/* End PBXProject section */

/* Begin PBXResourcesBuildPhase section */
		D74942672A59D33400D2EEC2 /* Resources */ = {
			isa = PBXResourcesBuildPhase;
			buildActionMask = 2147483647;
			files = (
				D74942792A59D33600D2EEC2 /* LaunchScreen.storyboard in Resources */,
				D74942762A59D33600D2EEC2 /* Assets.xcassets in Resources */,
				D74942742A59D33400D2EEC2 /* Main.storyboard in Resources */,
			);
			runOnlyForDeploymentPostprocessing = 0;
		};
/* End PBXResourcesBuildPhase section */

/* Begin PBXSourcesBuildPhase section */
		D74942652A59D33400D2EEC2 /* Sources */ = {
			isa = PBXSourcesBuildPhase;
			buildActionMask = 2147483647;
			files = (
				D74942832A59E1D400D2EEC2 /* photoCell.swift in Sources */,
				D74942712A59D33400D2EEC2 /* ViewController.swift in Sources */,
				D749426D2A59D33400D2EEC2 /* AppDelegate.swift in Sources */,
				D749426F2A59D33400D2EEC2 /* SceneDelegate.swift in Sources */,
			);
			runOnlyForDeploymentPostprocessing = 0;
		};
/* End PBXSourcesBuildPhase section */

/* Begin PBXVariantGroup section */
		D74942722A59D33400D2EEC2 /* Main.storyboard */ = {
			isa = PBXVariantGroup;
			children = (
				D74942732A59D33400D2EEC2 /* Base */,
			);
			name = Main.storyboard;
			sourceTree = "<group>";
		};
		D74942772A59D33600D2EEC2 /* LaunchScreen.storyboard */ = {
			isa = PBXVariantGroup;
			children = (
				D74942782A59D33600D2EEC2 /* Base */,
			);
			name = LaunchScreen.storyboard;
			sourceTree = "<group>";
		};
/* End PBXVariantGroup section */

/* Begin XCBuildConfiguration section */
		D749427B2A59D33600D2EEC2 /* Debug */ = {
			isa = XCBuildConfiguration;
			buildSettings = {
				ALWAYS_SEARCH_USER_PATHS = NO;
				CLANG_ANALYZER_NONNULL = YES;
				CLANG_ANALYZER_NUMBER_OBJECT_CONVERSION = YES_AGGRESSIVE;
				CLANG_CXX_LANGUAGE_STANDARD = "gnu++20";
				CLANG_ENABLE_MODULES = YES;
				CLANG_ENABLE_OBJC_ARC = YES;
				CLANG_ENABLE_OBJC_WEAK = YES;
				CLANG_WARN_BLOCK_CAPTURE_AUTORELEASING = YES;
				CLANG_WARN_BOOL_CONVERSION = YES;
				CLANG_WARN_COMMA = YES;
				CLANG_WARN_CONSTANT_CONVERSION = YES;
				CLANG_WARN_DEPRECATED_OBJC_IMPLEMENTATIONS = YES;
				CLANG_WARN_DIRECT_OBJC_ISA_USAGE = YES_ERROR;
				CLANG_WARN_DOCUMENTATION_COMMENTS = YES;
				CLANG_WARN_EMPTY_BODY = YES;
				CLANG_WARN_ENUM_CONVERSION = YES;
				CLANG_WARN_INFINITE_RECURSION = YES;
				CLANG_WARN_INT_CONVERSION = YES;
				CLANG_WARN_NON_LITERAL_NULL_CONVERSION = YES;
				CLANG_WARN_OBJC_IMPLICIT_RETAIN_SELF = YES;
				CLANG_WARN_OBJC_LITERAL_CONVERSION = YES;
				CLANG_WARN_OBJC_ROOT_CLASS = YES_ERROR;
				CLANG_WARN_QUOTED_INCLUDE_IN_FRAMEWORK_HEADER = YES;
				CLANG_WARN_RANGE_LOOP_ANALYSIS = YES;
				CLANG_WARN_STRICT_PROTOTYPES = YES;
				CLANG_WARN_SUSPICIOUS_MOVE = YES;
				CLANG_WARN_UNGUARDED_AVAILABILITY = YES_AGGRESSIVE;
				CLANG_WARN_UNREACHABLE_CODE = YES;
				CLANG_WARN__DUPLICATE_METHOD_MATCH = YES;
				COPY_PHASE_STRIP = NO;
				DEBUG_INFORMATION_FORMAT = dwarf;
				ENABLE_STRICT_OBJC_MSGSEND = YES;
				ENABLE_TESTABILITY = YES;
				GCC_C_LANGUAGE_STANDARD = gnu11;
				GCC_DYNAMIC_NO_PIC = NO;
				GCC_NO_COMMON_BLOCKS = YES;
				GCC_OPTIMIZATION_LEVEL = 0;
				GCC_PREPROCESSOR_DEFINITIONS = (
					"DEBUG=1",
					"$(inherited)",
				);
				GCC_WARN_64_TO_32_BIT_CONVERSION = YES;
				GCC_WARN_ABOUT_RETURN_TYPE = YES_ERROR;
				GCC_WARN_UNDECLARED_SELECTOR = YES;
				GCC_WARN_UNINITIALIZED_AUTOS = YES_AGGRESSIVE;
				GCC_WARN_UNUSED_FUNCTION = YES;
				GCC_WARN_UNUSED_VARIABLE = YES;
				IPHONEOS_DEPLOYMENT_TARGET = 16.2;
				MTL_ENABLE_DEBUG_INFO = INCLUDE_SOURCE;
				MTL_FAST_MATH = YES;
				ONLY_ACTIVE_ARCH = YES;
				SDKROOT = iphoneos;
				SWIFT_ACTIVE_COMPILATION_CONDITIONS = DEBUG;
				SWIFT_OPTIMIZATION_LEVEL = "-Onone";
			};
			name = Debug;
		};
		D749427C2A59D33600D2EEC2 /* Release */ = {
			isa = XCBuildConfiguration;
			buildSettings = {
				ALWAYS_SEARCH_USER_PATHS = NO;
				CLANG_ANALYZER_NONNULL = YES;
				CLANG_ANALYZER_NUMBER_OBJECT_CONVERSION = YES_AGGRESSIVE;
				CLANG_CXX_LANGUAGE_STANDARD = "gnu++20";
				CLANG_ENABLE_MODULES = YES;
				CLANG_ENABLE_OBJC_ARC = YES;
				CLANG_ENABLE_OBJC_WEAK = YES;
				CLANG_WARN_BLOCK_CAPTURE_AUTORELEASING = YES;
				CLANG_WARN_BOOL_CONVERSION = YES;
				CLANG_WARN_COMMA = YES;
				CLANG_WARN_CONSTANT_CONVERSION = YES;
				CLANG_WARN_DEPRECATED_OBJC_IMPLEMENTATIONS = YES;
				CLANG_WARN_DIRECT_OBJC_ISA_USAGE = YES_ERROR;
				CLANG_WARN_DOCUMENTATION_COMMENTS = YES;
				CLANG_WARN_EMPTY_BODY = YES;
				CLANG_WARN_ENUM_CONVERSION = YES;
				CLANG_WARN_INFINITE_RECURSION = YES;
				CLANG_WARN_INT_CONVERSION = YES;
				CLANG_WARN_NON_LITERAL_NULL_CONVERSION = YES;
				CLANG_WARN_OBJC_IMPLICIT_RETAIN_SELF = YES;
				CLANG_WARN_OBJC_LITERAL_CONVERSION = YES;
				CLANG_WARN_OBJC_ROOT_CLASS = YES_ERROR;
				CLANG_WARN_QUOTED_INCLUDE_IN_FRAMEWORK_HEADER = YES;
				CLANG_WARN_RANGE_LOOP_ANALYSIS = YES;
				CLANG_WARN_STRICT_PROTOTYPES = YES;
				CLANG_WARN_SUSPICIOUS_MOVE = YES;
				CLANG_WARN_UNGUARDED_AVAILABILITY = YES_AGGRESSIVE;
				CLANG_WARN_UNREACHABLE_CODE = YES;
				CLANG_WARN__DUPLICATE_METHOD_MATCH = YES;
				COPY_PHASE_STRIP = NO;
				DEBUG_INFORMATION_FORMAT = "dwarf-with-dsym";
				ENABLE_NS_ASSERTIONS = NO;
				ENABLE_STRICT_OBJC_MSGSEND = YES;
				GCC_C_LANGUAGE_STANDARD = gnu11;
				GCC_NO_COMMON_BLOCKS = YES;
				GCC_WARN_64_TO_32_BIT_CONVERSION = YES;
				GCC_WARN_ABOUT_RETURN_TYPE = YES_ERROR;
				GCC_WARN_UNDECLARED_SELECTOR = YES;
				GCC_WARN_UNINITIALIZED_AUTOS = YES_AGGRESSIVE;
				GCC_WARN_UNUSED_FUNCTION = YES;
				GCC_WARN_UNUSED_VARIABLE = YES;
				IPHONEOS_DEPLOYMENT_TARGET = 16.2;
				MTL_ENABLE_DEBUG_INFO = NO;
				MTL_FAST_MATH = YES;
				SDKROOT = iphoneos;
				SWIFT_COMPILATION_MODE = wholemodule;
				SWIFT_OPTIMIZATION_LEVEL = "-O";
				VALIDATE_PRODUCT = YES;
			};
			name = Release;
		};
		D749427E2A59D33600D2EEC2 /* Debug */ = {
			isa = XCBuildConfiguration;
			buildSettings = {
				ASSETCATALOG_COMPILER_APPICON_NAME = AppIcon;
				ASSETCATALOG_COMPILER_GLOBAL_ACCENT_COLOR_NAME = AccentColor;
				CODE_SIGN_STYLE = Automatic;
				CURRENT_PROJECT_VERSION = 1;
				DEVELOPMENT_TEAM = GUL7AQ472P;
				GENERATE_INFOPLIST_FILE = YES;
				INFOPLIST_FILE = phPickerViewCollectionVw/Info.plist;
				INFOPLIST_KEY_UIApplicationSupportsIndirectInputEvents = YES;
				INFOPLIST_KEY_UILaunchStoryboardName = LaunchScreen;
				INFOPLIST_KEY_UIMainStoryboardFile = Main;
				INFOPLIST_KEY_UISupportedInterfaceOrientations_iPad = "UIInterfaceOrientationPortrait UIInterfaceOrientationPortraitUpsideDown UIInterfaceOrientationLandscapeLeft UIInterfaceOrientationLandscapeRight";
				INFOPLIST_KEY_UISupportedInterfaceOrientations_iPhone = "UIInterfaceOrientationPortrait UIInterfaceOrientationLandscapeLeft UIInterfaceOrientationLandscapeRight";
				IPHONEOS_DEPLOYMENT_TARGET = 14.7;
				LD_RUNPATH_SEARCH_PATHS = (
					"$(inherited)",
					"@executable_path/Frameworks",
				);
				MARKETING_VERSION = 1.0;
				PRODUCT_BUNDLE_IDENTIFIER = com.phPickerViewCollectionVw;
				PRODUCT_NAME = "$(TARGET_NAME)";
				SWIFT_EMIT_LOC_STRINGS = YES;
				SWIFT_VERSION = 5.0;
				TARGETED_DEVICE_FAMILY = "1,2";
			};
			name = Debug;
		};
		D749427F2A59D33600D2EEC2 /* Release */ = {
			isa = XCBuildConfiguration;
			buildSettings = {
				ASSETCATALOG_COMPILER_APPICON_NAME = AppIcon;
				ASSETCATALOG_COMPILER_GLOBAL_ACCENT_COLOR_NAME = AccentColor;
				CODE_SIGN_STYLE = Automatic;
				CURRENT_PROJECT_VERSION = 1;
				DEVELOPMENT_TEAM = GUL7AQ472P;
				GENERATE_INFOPLIST_FILE = YES;
				INFOPLIST_FILE = phPickerViewCollectionVw/Info.plist;
				INFOPLIST_KEY_UIApplicationSupportsIndirectInputEvents = YES;
				INFOPLIST_KEY_UILaunchStoryboardName = LaunchScreen;
				INFOPLIST_KEY_UIMainStoryboardFile = Main;
				INFOPLIST_KEY_UISupportedInterfaceOrientations_iPad = "UIInterfaceOrientationPortrait UIInterfaceOrientationPortraitUpsideDown UIInterfaceOrientationLandscapeLeft UIInterfaceOrientationLandscapeRight";
				INFOPLIST_KEY_UISupportedInterfaceOrientations_iPhone = "UIInterfaceOrientationPortrait UIInterfaceOrientationLandscapeLeft UIInterfaceOrientationLandscapeRight";
				IPHONEOS_DEPLOYMENT_TARGET = 14.7;
				LD_RUNPATH_SEARCH_PATHS = (
					"$(inherited)",
					"@executable_path/Frameworks",
				);
				MARKETING_VERSION = 1.0;
				PRODUCT_BUNDLE_IDENTIFIER = com.phPickerViewCollectionVw;
				PRODUCT_NAME = "$(TARGET_NAME)";
				SWIFT_EMIT_LOC_STRINGS = YES;
				SWIFT_VERSION = 5.0;
				TARGETED_DEVICE_FAMILY = "1,2";
			};
			name = Release;
		};
/* End XCBuildConfiguration section */

/* Begin XCConfigurationList section */
		D74942642A59D33400D2EEC2 /* Build configuration list for PBXProject "phPickerViewCollectionVw" */ = {
			isa = XCConfigurationList;
			buildConfigurations = (
				D749427B2A59D33600D2EEC2 /* Debug */,
				D749427C2A59D33600D2EEC2 /* Release */,
			);
			defaultConfigurationIsVisible = 0;
			defaultConfigurationName = Release;
		};
		D749427D2A59D33600D2EEC2 /* Build configuration list for PBXNativeTarget "phPickerViewCollectionVw" */ = {
			isa = XCConfigurationList;
			buildConfigurations = (
				D749427E2A59D33600D2EEC2 /* Debug */,
				D749427F2A59D33600D2EEC2 /* Release */,
			);
			defaultConfigurationIsVisible = 0;
			defaultConfigurationName = Release;
		};
/* End XCConfigurationList section */
	};
	rootObject = D74942612A59D33400D2EEC2 /* Project object */;
}
